
Microsoft Visual Studio Solution File, Format Version 12.00
# Visual Studio Version 16
VisualStudioVersion = 16.0.32002.261
MinimumVisualStudioVersion = 10.0.40219.1
Project("{C9674DCB-5085-4A16-B785-4C70DD1589BD}") = "Integration Services Project2", "Integration Services Project2.dtproj", "{6976A1A5-7E8A-4925-A0CF-747E4219014F}"
EndProject
Global
	GlobalSection(SolutionConfigurationPlatforms) = preSolution
		Development|Default = Development|Default
	EndGlobalSection
	GlobalSection(ProjectConfigurationPlatforms) = postSolution
		{6976A1A5-7E8A-4925-A0CF-747E4219014F}.Development|Default.ActiveCfg = Development
		{6976A1A5-7E8A-4925-A0CF-747E4219014F}.Development|Default.Build.0 = Development
	EndGlobalSection
	GlobalSection(SolutionProperties) = preSolution
		HideSolutionNode = FALSE
	EndGlobalSection
	GlobalSection(ExtensibilityGlobals) = postSolution
		SolutionGuid = {D8EDD4E1-778B-4705-9F7C-384E181C886B}
	EndGlobalSection
EndGlobal
